GEM
  remote: https://rubygems.org/
  specs:
    bigdecimal (3.3.1)
    chronic (0.10.2)
    equatable (0.7.0)
    fileutils (1.8.0)
    logger (1.7.0)
    mysql2 (0.5.7)
      bigdecimal
    necromancer (0.7.0)
    parallel (1.27.0)
    pastel (0.8.0)
      tty-color (~> 0.5)
    tty-color (0.6.0)
    tty-cursor (0.7.1)
    tty-logger (0.6.0)
      pastel (~> 0.8)
    tty-screen (0.8.2)
    tty-spinner (0.9.3)
      tty-cursor (~> 0.7)
    tty-table (0.3.0)
      equatable (~> 0.5)
      necromancer (~> 0.3)
      pastel (~> 0.4)
      tty-screen (~> 0.2)
      unicode_utils (~> 1.4.0)
      verse (~> 0.4)
    unicode_utils (1.4.0)
    verse (0.4.0)
      unicode_utils (~> 1.4.0)
    whenever (1.1.0)
      chronic (>= 0.6.3)

PLATFORMS
  aarch64-linux
  arm64-darwin-25
  x86_64-linux

DEPENDENCIES
  fileutils
  logger
  mysql2
  parallel
  pastel
  tty-logger
  tty-spinner
  tty-table
  whenever

BUNDLED WITH
  4.0.0
